
Microsoft Visual Studio Solution File, Format Version 12.00
# Visual Studio Version 17
VisualStudioVersion = 17.1.32421.90
MinimumVisualStudioVersion = 10.0.40219.1
Project("{FAE04EC0-301F-11D3-BF4B-00C04F79EFBC}") = "csharp-snacks-1", "csharp-snacks-1.csproj", "{15C2C552-2D47-4391-AA4C-CA2AF3580D70}"
EndProject
Global
	GlobalSection(SolutionConfigurationPlatforms) = preSolution
		Debug|Any CPU = Debug|Any CPU
		Release|Any CPU = Release|Any CPU
	EndGlobalSection
	GlobalSection(ProjectConfigurationPlatforms) = postSolution
		{15C2C552-2D47-4391-AA4C-CA2AF3580D70}.Debug|Any CPU.ActiveCfg = Debug|Any CPU
		{15C2C552-2D47-4391-AA4C-CA2AF3580D70}.Debug|Any CPU.Build.0 = Debug|Any CPU
		{15C2C552-2D47-4391-AA4C-CA2AF3580D70}.Release|Any CPU.ActiveCfg = Release|Any CPU
		{15C2C552-2D47-4391-AA4C-CA2AF3580D70}.Release|Any CPU.Build.0 = Release|Any CPU
	EndGlobalSection
	GlobalSection(SolutionProperties) = preSolution
		HideSolutionNode = FALSE
	EndGlobalSection
	GlobalSection(ExtensibilityGlobals) = postSolution
		SolutionGuid = {3CA36079-8EF8-4B67-A3A3-BEBB61D29FEC}
	EndGlobalSection
EndGlobal
